
Microsoft Visual Studio Solution File, Format Version 12.00
# Visual Studio Version 17
VisualStudioVersion = 17.8.34322.80
MinimumVisualStudioVersion = 10.0.40219.1
Project("{FAE04EC0-301F-11D3-BF4B-00C04F79EFBC}") = "ScanManagerSamples", "ScanManagerSamples\ScanManagerSamples.csproj", "{9016753A-2DF9-4C63-9D58-AAD9255E5116}"
EndProject
Global
	GlobalSection(SolutionConfigurationPlatforms) = preSolution
		Debug|Any CPU = Debug|Any CPU
		Release|Any CPU = Release|Any CPU
	EndGlobalSection
	GlobalSection(ProjectConfigurationPlatforms) = postSolution
		{9016753A-2DF9-4C63-9D58-AAD9255E5116}.Debug|Any CPU.ActiveCfg = Debug|Any CPU
		{9016753A-2DF9-4C63-9D58-AAD9255E5116}.Debug|Any CPU.Build.0 = Debug|Any CPU
		{9016753A-2DF9-4C63-9D58-AAD9255E5116}.Release|Any CPU.ActiveCfg = Release|Any CPU
		{9016753A-2DF9-4C63-9D58-AAD9255E5116}.Release|Any CPU.Build.0 = Release|Any CPU
	EndGlobalSection
	GlobalSection(SolutionProperties) = preSolution
		HideSolutionNode = FALSE
	EndGlobalSection
	GlobalSection(ExtensibilityGlobals) = postSolution
		SolutionGuid = {E4A721FA-5E72-40E0-B845-88B12F5B60F1}
	EndGlobalSection
EndGlobal
